
Microsoft Visual Studio Solution File, Format Version 12.00
# Visual Studio Version 16
VisualStudioVersion = 16.0.31025.194
MinimumVisualStudioVersion = 10.0.40219.1
Project("{FAE04EC0-301F-11D3-BF4B-00C04F79EFBC}") = "MyHealth.Common", "MyHealth.Common\MyHealth.Common.csproj", "{44EF656C-CDD5-468C-B08F-E5F37A0DE96B}"
EndProject
Global
	GlobalSection(SolutionConfigurationPlatforms) = preSolution
		Debug|Any CPU = Debug|Any CPU
		Release|Any CPU = Release|Any CPU
	EndGlobalSection
	GlobalSection(ProjectConfigurationPlatforms) = postSolution
		{44EF656C-CDD5-468C-B08F-E5F37A0DE96B}.Debug|Any CPU.ActiveCfg = Debug|Any CPU
		{44EF656C-CDD5-468C-B08F-E5F37A0DE96B}.Debug|Any CPU.Build.0 = Debug|Any CPU
		{44EF656C-CDD5-468C-B08F-E5F37A0DE96B}.Release|Any CPU.ActiveCfg = Release|Any CPU
		{44EF656C-CDD5-468C-B08F-E5F37A0DE96B}.Release|Any CPU.Build.0 = Release|Any CPU
	EndGlobalSection
	GlobalSection(SolutionProperties) = preSolution
		HideSolutionNode = FALSE
	EndGlobalSection
	GlobalSection(ExtensibilityGlobals) = postSolution
		SolutionGuid = {A542477D-8BCE-42D1-A811-9AFE0526AC5F}
	EndGlobalSection
EndGlobal
